
Microsoft Visual Studio Solution File, Format Version 12.00
# Visual Studio 15
VisualStudioVersion = 15.0.26730.12
MinimumVisualStudioVersion = 10.0.40219.1
Project("{2150E333-8FDC-42A3-9474-1A3956D46DE8}") = "Framework", "Framework", "{33414C74-7920-4F78-8480-44BE2184D5E1}"
EndProject
Project("{2150E333-8FDC-42A3-9474-1A3956D46DE8}") = "Tests", "Tests", "{946F6E15-0F84-4D36-A000-D8BAB93FB8DC}"
EndProject
Project("{9A19103F-16F7-4668-BE54-9A1E7A4F7556}") = "Farseer.Net", "Framework\Farseer.Net\Farseer.Net.csproj", "{B2D59B40-80B4-4B35-B21F-B4F8F305865B}"
EndProject
Project("{9A19103F-16F7-4668-BE54-9A1E7A4F7556}") = "Farseer.Net.Core", "Framework\Farseer.Net.Core\Farseer.Net.Core.csproj", "{62CA8106-68F4-4AA6-B2CF-49B2248AA4BC}"
EndProject
Project("{9A19103F-16F7-4668-BE54-9A1E7A4F7556}") = "Farseer.Net.Data", "Framework\Farseer.Net.Data\Farseer.Net.Data.csproj", "{5342EED7-3588-46F5-B2FC-F4FF30080A6A}"
EndProject
Project("{9A19103F-16F7-4668-BE54-9A1E7A4F7556}") = "Farseer.Net.Mapper", "Framework\Farseer.Net.Mapper\Farseer.Net.Mapper.csproj", "{4F6DBC42-74C2-467E-8485-85523DEE7338}"
EndProject
Project("{9A19103F-16F7-4668-BE54-9A1E7A4F7556}") = "Farseer.Net.Utils", "Framework\Farseer.Net.Utils\Farseer.Net.Utils.csproj", "{EB21E38D-19D9-47F0-B599-0A2696F6C2DC}"
EndProject
Project("{9A19103F-16F7-4668-BE54-9A1E7A4F7556}") = "Farseer.Net.Configuration", "Framework\Farseer.Net.Configuration\Farseer.Net.Configuration.csproj", "{193FBAAB-085A-4C4B-8EB1-9CB6BA4849B1}"
EndProject
Project("{9A19103F-16F7-4668-BE54-9A1E7A4F7556}") = "Farseer.Net.Log", "Framework\Farseer.Net.Log\Farseer.Net.Log.csproj", "{D9DF342A-4515-4D11-B1CF-EBE768C16A01}"
EndProject
Project("{9A19103F-16F7-4668-BE54-9A1E7A4F7556}") = "Farseer.Net.Cache", "Framework\Farseer.Net.Cache\Farseer.Net.Cache.csproj", "{631C4637-BB4D-4B8E-946F-A1D9CA14F2C0}"
EndProject
Project("{9A19103F-16F7-4668-BE54-9A1E7A4F7556}") = "Farseer.Net.MQ", "Framework\Farseer.Net.MQ\Farseer.Net.MQ.csproj", "{B7E8E0A9-828D-416E-8756-A8CD5F910986}"
EndProject
Project("{9A19103F-16F7-4668-BE54-9A1E7A4F7556}") = "Farseer.Net.ElasticSearch", "Framework\Farseer.Net.ElasticSearch\Farseer.Net.ElasticSearch.csproj", "{C43C7BA2-C848-48A2-898D-1C5907C8E7C9}"
EndProject
Project("{9A19103F-16F7-4668-BE54-9A1E7A4F7556}") = "Farseer.Net.Web.Mvc", "Framework\Farseer.Net.Web.Mvc\Farseer.Net.Web.Mvc.csproj", "{F9E459E9-AD54-4166-869A-5A4C2E27855F}"
EndProject
Project("{9A19103F-16F7-4668-BE54-9A1E7A4F7556}") = "Farseer.Net.MQ.RocketMQ", "Framework\Farseer.Net.MQ.RocketMQ\Farseer.Net.MQ.RocketMQ.csproj", "{B6B866CD-0014-4763-B3E9-72F5EC4175D2}"
EndProject
Project("{9A19103F-16F7-4668-BE54-9A1E7A4F7556}") = "Farseer.Net.MQ.Kafka", "Framework\Farseer.Net.MQ.Kafka\Farseer.Net.MQ.Kafka.csproj", "{BD2474BB-5430-49C2-9B8F-32968451CB71}"
EndProject
Project("{9A19103F-16F7-4668-BE54-9A1E7A4F7556}") = "Farseer.Net.MongoDB", "Framework\Farseer.Net.MongoDB\Farseer.Net.MongoDB.csproj", "{56BF00F1-BEBC-49A8-BB62-13C21B4E1184}"
EndProject
Project("{2150E333-8FDC-42A3-9474-1A3956D46DE8}") = "Console", "Console", "{BA9C8E90-5B9E-464C-B0CA-7988E2CA850B}"
EndProject
Project("{FAE04EC0-301F-11D3-BF4B-00C04F79EFBC}") = "Farseer.Net.MQ.RocketMQ.Console", "Console\Farseer.Net.MQ.RocketMQ.Console\Farseer.Net.MQ.RocketMQ.Console.csproj", "{6D791307-BF1C-48A9-9A2C-48E4577D5F76}"
EndProject
Project("{9A19103F-16F7-4668-BE54-9A1E7A4F7556}") = "Farseer.Net.Cache.Redis", "Framework\Farseer.Net.Cache.Redis\Farseer.Net.Cache.Redis.csproj", "{77834507-9F3D-45CA-B387-F44D67327C4E}"
EndProject
Project("{FAE04EC0-301F-11D3-BF4B-00C04F79EFBC}") = "Farseer.Net.Data.Console", "Console\Farseer.Net.Data.Console\Farseer.Net.Data.Console.csproj", "{3A1A3A49-0A8E-429E-A8D3-2197938A6A30}"
EndProject
Project("{FAE04EC0-301F-11D3-BF4B-00C04F79EFBC}") = "Farseer.Net.Job", "Framework\Farseer.Net.Job\Farseer.Net.Job.csproj", "{7B9E3921-22FC-4032-B933-2EA44579DA1E}"
EndProject
Project("{FAE04EC0-301F-11D3-BF4B-00C04F79EFBC}") = "Farseer.Net.Job.Console", "Console\Farseer.Net.Job.Console\Farseer.Net.Job.Console.csproj", "{7D96EE9D-33A3-4510-B178-D63ADFF989DD}"
EndProject
Project("{FAE04EC0-301F-11D3-BF4B-00C04F79EFBC}") = "Farseer.Net.Job.Item.Console", "Console\Farseer.Net.Job.Item.Console\Farseer.Net.Job.Item.Console.csproj", "{37F26D90-2706-46B1-95C9-862D4657DA63}"
EndProject
Global
	GlobalSection(SolutionConfigurationPlatforms) = preSolution
		Debug|Any CPU = Debug|Any CPU
		Debug|x64 = Debug|x64
		Release|Any CPU = Release|Any CPU
		Release|x64 = Release|x64
	EndGlobalSection
	GlobalSection(ProjectConfigurationPlatforms) = postSolution
		{B2D59B40-80B4-4B35-B21F-B4F8F305865B}.Debug|Any CPU.ActiveCfg = Debug|Any CPU
		{B2D59B40-80B4-4B35-B21F-B4F8F305865B}.Debug|Any CPU.Build.0 = Debug|Any CPU
		{B2D59B40-80B4-4B35-B21F-B4F8F305865B}.Debug|x64.ActiveCfg = Debug|Any CPU
		{B2D59B40-80B4-4B35-B21F-B4F8F305865B}.Debug|x64.Build.0 = Debug|Any CPU
		{B2D59B40-80B4-4B35-B21F-B4F8F305865B}.Release|Any CPU.ActiveCfg = Release|Any CPU
		{B2D59B40-80B4-4B35-B21F-B4F8F305865B}.Release|Any CPU.Build.0 = Release|Any CPU
		{B2D59B40-80B4-4B35-B21F-B4F8F305865B}.Release|x64.ActiveCfg = Release|Any CPU
		{B2D59B40-80B4-4B35-B21F-B4F8F305865B}.Release|x64.Build.0 = Release|Any CPU
		{62CA8106-68F4-4AA6-B2CF-49B2248AA4BC}.Debug|Any CPU.ActiveCfg = Debug|Any CPU
		{62CA8106-68F4-4AA6-B2CF-49B2248AA4BC}.Debug|Any CPU.Build.0 = Debug|Any CPU
		{62CA8106-68F4-4AA6-B2CF-49B2248AA4BC}.Debug|x64.ActiveCfg = Debug|Any CPU
		{62CA8106-68F4-4AA6-B2CF-49B2248AA4BC}.Debug|x64.Build.0 = Debug|Any CPU
		{62CA8106-68F4-4AA6-B2CF-49B2248AA4BC}.Release|Any CPU.ActiveCfg = Release|Any CPU
		{62CA8106-68F4-4AA6-B2CF-49B2248AA4BC}.Release|Any CPU.Build.0 = Release|Any CPU
		{62CA8106-68F4-4AA6-B2CF-49B2248AA4BC}.Release|x64.ActiveCfg = Release|Any CPU
		{62CA8106-68F4-4AA6-B2CF-49B2248AA4BC}.Release|x64.Build.0 = Release|Any CPU
		{5342EED7-3588-46F5-B2FC-F4FF30080A6A}.Debug|Any CPU.ActiveCfg = Debug|Any CPU
		{5342EED7-3588-46F5-B2FC-F4FF30080A6A}.Debug|Any CPU.Build.0 = Debug|Any CPU
		{5342EED7-3588-46F5-B2FC-F4FF30080A6A}.Debug|x64.ActiveCfg = Debug|Any CPU
		{5342EED7-3588-46F5-B2FC-F4FF30080A6A}.Release|Any CPU.ActiveCfg = Release|Any CPU
		{5342EED7-3588-46F5-B2FC-F4FF30080A6A}.Release|Any CPU.Build.0 = Release|Any CPU
		{5342EED7-3588-46F5-B2FC-F4FF30080A6A}.Release|x64.ActiveCfg = Release|Any CPU
		{4F6DBC42-74C2-467E-8485-85523DEE7338}.Debug|Any CPU.ActiveCfg = Debug|Any CPU
		{4F6DBC42-74C2-467E-8485-85523DEE7338}.Debug|Any CPU.Build.0 = Debug|Any CPU
		{4F6DBC42-74C2-467E-8485-85523DEE7338}.Debug|x64.ActiveCfg = Debug|Any CPU
		{4F6DBC42-74C2-467E-8485-85523DEE7338}.Debug|x64.Build.0 = Debug|Any CPU
		{4F6DBC42-74C2-467E-8485-85523DEE7338}.Release|Any CPU.ActiveCfg = Release|Any CPU
		{4F6DBC42-74C2-467E-8485-85523DEE7338}.Release|Any CPU.Build.0 = Release|Any CPU
		{4F6DBC42-74C2-467E-8485-85523DEE7338}.Release|x64.ActiveCfg = Release|Any CPU
		{4F6DBC42-74C2-467E-8485-85523DEE7338}.Release|x64.Build.0 = Release|Any CPU
		{EB21E38D-19D9-47F0-B599-0A2696F6C2DC}.Debug|Any CPU.ActiveCfg = Debug|Any CPU
		{EB21E38D-19D9-47F0-B599-0A2696F6C2DC}.Debug|Any CPU.Build.0 = Debug|Any CPU
		{EB21E38D-19D9-47F0-B599-0A2696F6C2DC}.Debug|x64.ActiveCfg = Debug|Any CPU
		{EB21E38D-19D9-47F0-B599-0A2696F6C2DC}.Debug|x64.Build.0 = Debug|Any CPU
		{EB21E38D-19D9-47F0-B599-0A2696F6C2DC}.Release|Any CPU.ActiveCfg = Release|Any CPU
		{EB21E38D-19D9-47F0-B599-0A2696F6C2DC}.Release|Any CPU.Build.0 = Release|Any CPU
		{EB21E38D-19D9-47F0-B599-0A2696F6C2DC}.Release|x64.ActiveCfg = Release|Any CPU
		{EB21E38D-19D9-47F0-B599-0A2696F6C2DC}.Release|x64.Build.0 = Release|Any CPU
		{193FBAAB-085A-4C4B-8EB1-9CB6BA4849B1}.Debug|Any CPU.ActiveCfg = Debug|Any CPU
		{193FBAAB-085A-4C4B-8EB1-9CB6BA4849B1}.Debug|Any CPU.Build.0 = Debug|Any CPU
		{193FBAAB-085A-4C4B-8EB1-9CB6BA4849B1}.Debug|x64.ActiveCfg = Debug|Any CPU
		{193FBAAB-085A-4C4B-8EB1-9CB6BA4849B1}.Debug|x64.Build.0 = Debug|Any CPU
		{193FBAAB-085A-4C4B-8EB1-9CB6BA4849B1}.Release|Any CPU.ActiveCfg = Release|Any CPU
		{193FBAAB-085A-4C4B-8EB1-9CB6BA4849B1}.Release|Any CPU.Build.0 = Release|Any CPU
		{193FBAAB-085A-4C4B-8EB1-9CB6BA4849B1}.Release|x64.ActiveCfg = Release|Any CPU
		{193FBAAB-085A-4C4B-8EB1-9CB6BA4849B1}.Release|x64.Build.0 = Release|Any CPU
		{D9DF342A-4515-4D11-B1CF-EBE768C16A01}.Debug|Any CPU.ActiveCfg = Debug|Any CPU
		{D9DF342A-4515-4D11-B1CF-EBE768C16A01}.Debug|Any CPU.Build.0 = Debug|Any CPU
		{D9DF342A-4515-4D11-B1CF-EBE768C16A01}.Debug|x64.ActiveCfg = Debug|Any CPU
		{D9DF342A-4515-4D11-B1CF-EBE768C16A01}.Debug|x64.Build.0 = Debug|Any CPU
		{D9DF342A-4515-4D11-B1CF-EBE768C16A01}.Release|Any CPU.ActiveCfg = Release|Any CPU
		{D9DF342A-4515-4D11-B1CF-EBE768C16A01}.Release|Any CPU.Build.0 = Release|Any CPU
		{D9DF342A-4515-4D11-B1CF-EBE768C16A01}.Release|x64.ActiveCfg = Release|Any CPU
		{D9DF342A-4515-4D11-B1CF-EBE768C16A01}.Release|x64.Build.0 = Release|Any CPU
		{631C4637-BB4D-4B8E-946F-A1D9CA14F2C0}.Debug|Any CPU.ActiveCfg = Debug|Any CPU
		{631C4637-BB4D-4B8E-946F-A1D9CA14F2C0}.Debug|Any CPU.Build.0 = Debug|Any CPU
		{631C4637-BB4D-4B8E-946F-A1D9CA14F2C0}.Debug|x64.ActiveCfg = Debug|Any CPU
		{631C4637-BB4D-4B8E-946F-A1D9CA14F2C0}.Debug|x64.Build.0 = Debug|Any CPU
		{631C4637-BB4D-4B8E-946F-A1D9CA14F2C0}.Release|Any CPU.ActiveCfg = Release|Any CPU
		{631C4637-BB4D-4B8E-946F-A1D9CA14F2C0}.Release|Any CPU.Build.0 = Release|Any CPU
		{631C4637-BB4D-4B8E-946F-A1D9CA14F2C0}.Release|x64.ActiveCfg = Release|Any CPU
		{631C4637-BB4D-4B8E-946F-A1D9CA14F2C0}.Release|x64.Build.0 = Release|Any CPU
		{B7E8E0A9-828D-416E-8756-A8CD5F910986}.Debug|Any CPU.ActiveCfg = Debug|Any CPU
		{B7E8E0A9-828D-416E-8756-A8CD5F910986}.Debug|Any CPU.Build.0 = Debug|Any CPU
		{B7E8E0A9-828D-416E-8756-A8CD5F910986}.Debug|x64.ActiveCfg = Debug|Any CPU
		{B7E8E0A9-828D-416E-8756-A8CD5F910986}.Debug|x64.Build.0 = Debug|Any CPU
		{B7E8E0A9-828D-416E-8756-A8CD5F910986}.Release|Any CPU.ActiveCfg = Release|Any CPU
		{B7E8E0A9-828D-416E-8756-A8CD5F910986}.Release|Any CPU.Build.0 = Release|Any CPU
		{B7E8E0A9-828D-416E-8756-A8CD5F910986}.Release|x64.ActiveCfg = Release|Any CPU
		{B7E8E0A9-828D-416E-8756-A8CD5F910986}.Release|x64.Build.0 = Release|Any CPU
		{C43C7BA2-C848-48A2-898D-1C5907C8E7C9}.Debug|Any CPU.ActiveCfg = Debug|Any CPU
		{C43C7BA2-C848-48A2-898D-1C5907C8E7C9}.Debug|Any CPU.Build.0 = Debug|Any CPU
		{C43C7BA2-C848-48A2-898D-1C5907C8E7C9}.Debug|x64.ActiveCfg = Debug|Any CPU
		{C43C7BA2-C848-48A2-898D-1C5907C8E7C9}.Debug|x64.Build.0 = Debug|Any CPU
		{C43C7BA2-C848-48A2-898D-1C5907C8E7C9}.Release|Any CPU.ActiveCfg = Release|Any CPU
		{C43C7BA2-C848-48A2-898D-1C5907C8E7C9}.Release|Any CPU.Build.0 = Release|Any CPU
		{C43C7BA2-C848-48A2-898D-1C5907C8E7C9}.Release|x64.ActiveCfg = Release|Any CPU
		{C43C7BA2-C848-48A2-898D-1C5907C8E7C9}.Release|x64.Build.0 = Release|Any CPU
		{F9E459E9-AD54-4166-869A-5A4C2E27855F}.Debug|Any CPU.ActiveCfg = Debug|Any CPU
		{F9E459E9-AD54-4166-869A-5A4C2E27855F}.Debug|Any CPU.Build.0 = Debug|Any CPU
		{F9E459E9-AD54-4166-869A-5A4C2E27855F}.Debug|x64.ActiveCfg = Debug|Any CPU
		{F9E459E9-AD54-4166-869A-5A4C2E27855F}.Debug|x64.Build.0 = Debug|Any CPU
		{F9E459E9-AD54-4166-869A-5A4C2E27855F}.Release|Any CPU.ActiveCfg = Release|Any CPU
		{F9E459E9-AD54-4166-869A-5A4C2E27855F}.Release|Any CPU.Build.0 = Release|Any CPU
		{F9E459E9-AD54-4166-869A-5A4C2E27855F}.Release|x64.ActiveCfg = Release|Any CPU
		{F9E459E9-AD54-4166-869A-5A4C2E27855F}.Release|x64.Build.0 = Release|Any CPU
		{B6B866CD-0014-4763-B3E9-72F5EC4175D2}.Debug|Any CPU.ActiveCfg = Debug|Any CPU
		{B6B866CD-0014-4763-B3E9-72F5EC4175D2}.Debug|Any CPU.Build.0 = Debug|Any CPU
		{B6B866CD-0014-4763-B3E9-72F5EC4175D2}.Debug|x64.ActiveCfg = Debug|Any CPU
		{B6B866CD-0014-4763-B3E9-72F5EC4175D2}.Debug|x64.Build.0 = Debug|Any CPU
		{B6B866CD-0014-4763-B3E9-72F5EC4175D2}.Release|Any CPU.ActiveCfg = Release|Any CPU
		{B6B866CD-0014-4763-B3E9-72F5EC4175D2}.Release|Any CPU.Build.0 = Release|Any CPU
		{B6B866CD-0014-4763-B3E9-72F5EC4175D2}.Release|x64.ActiveCfg = Release|Any CPU
		{B6B866CD-0014-4763-B3E9-72F5EC4175D2}.Release|x64.Build.0 = Release|Any CPU
		{BD2474BB-5430-49C2-9B8F-32968451CB71}.Debug|Any CPU.ActiveCfg = Debug|Any CPU
		{BD2474BB-5430-49C2-9B8F-32968451CB71}.Debug|Any CPU.Build.0 = Debug|Any CPU
		{BD2474BB-5430-49C2-9B8F-32968451CB71}.Debug|x64.ActiveCfg = Debug|Any CPU
		{BD2474BB-5430-49C2-9B8F-32968451CB71}.Debug|x64.Build.0 = Debug|Any CPU
		{BD2474BB-5430-49C2-9B8F-32968451CB71}.Release|Any CPU.ActiveCfg = Release|Any CPU
		{BD2474BB-5430-49C2-9B8F-32968451CB71}.Release|Any CPU.Build.0 = Release|Any CPU
		{BD2474BB-5430-49C2-9B8F-32968451CB71}.Release|x64.ActiveCfg = Release|Any CPU
		{BD2474BB-5430-49C2-9B8F-32968451CB71}.Release|x64.Build.0 = Release|Any CPU
		{56BF00F1-BEBC-49A8-BB62-13C21B4E1184}.Debug|Any CPU.ActiveCfg = Debug|Any CPU
		{56BF00F1-BEBC-49A8-BB62-13C21B4E1184}.Debug|Any CPU.Build.0 = Debug|Any CPU
		{56BF00F1-BEBC-49A8-BB62-13C21B4E1184}.Debug|x64.ActiveCfg = Debug|Any CPU
		{56BF00F1-BEBC-49A8-BB62-13C21B4E1184}.Debug|x64.Build.0 = Debug|Any CPU
		{56BF00F1-BEBC-49A8-BB62-13C21B4E1184}.Release|Any CPU.ActiveCfg = Release|Any CPU
		{56BF00F1-BEBC-49A8-BB62-13C21B4E1184}.Release|Any CPU.Build.0 = Release|Any CPU
		{56BF00F1-BEBC-49A8-BB62-13C21B4E1184}.Release|x64.ActiveCfg = Release|Any CPU
		{56BF00F1-BEBC-49A8-BB62-13C21B4E1184}.Release|x64.Build.0 = Release|Any CPU
		{6D791307-BF1C-48A9-9A2C-48E4577D5F76}.Debug|Any CPU.ActiveCfg = Debug|Any CPU
		{6D791307-BF1C-48A9-9A2C-48E4577D5F76}.Debug|Any CPU.Build.0 = Debug|Any CPU
		{6D791307-BF1C-48A9-9A2C-48E4577D5F76}.Debug|x64.ActiveCfg = Debug|Any CPU
		{6D791307-BF1C-48A9-9A2C-48E4577D5F76}.Debug|x64.Build.0 = Debug|Any CPU
		{6D791307-BF1C-48A9-9A2C-48E4577D5F76}.Release|Any CPU.ActiveCfg = Release|Any CPU
		{6D791307-BF1C-48A9-9A2C-48E4577D5F76}.Release|Any CPU.Build.0 = Release|Any CPU
		{6D791307-BF1C-48A9-9A2C-48E4577D5F76}.Release|x64.ActiveCfg = Release|Any CPU
		{6D791307-BF1C-48A9-9A2C-48E4577D5F76}.Release|x64.Build.0 = Release|Any CPU
		{77834507-9F3D-45CA-B387-F44D67327C4E}.Debug|Any CPU.ActiveCfg = Debug|Any CPU
		{77834507-9F3D-45CA-B387-F44D67327C4E}.Debug|Any CPU.Build.0 = Debug|Any CPU
		{77834507-9F3D-45CA-B387-F44D67327C4E}.Debug|x64.ActiveCfg = Debug|Any CPU
		{77834507-9F3D-45CA-B387-F44D67327C4E}.Debug|x64.Build.0 = Debug|Any CPU
		{77834507-9F3D-45CA-B387-F44D67327C4E}.Release|Any CPU.ActiveCfg = Release|Any CPU
		{77834507-9F3D-45CA-B387-F44D67327C4E}.Release|Any CPU.Build.0 = Release|Any CPU
		{77834507-9F3D-45CA-B387-F44D67327C4E}.Release|x64.ActiveCfg = Release|Any CPU
		{77834507-9F3D-45CA-B387-F44D67327C4E}.Release|x64.Build.0 = Release|Any CPU
		{3A1A3A49-0A8E-429E-A8D3-2197938A6A30}.Debug|Any CPU.ActiveCfg = Debug|Any CPU
		{3A1A3A49-0A8E-429E-A8D3-2197938A6A30}.Debug|Any CPU.Build.0 = Debug|Any CPU
		{3A1A3A49-0A8E-429E-A8D3-2197938A6A30}.Debug|x64.ActiveCfg = Debug|Any CPU
		{3A1A3A49-0A8E-429E-A8D3-2197938A6A30}.Debug|x64.Build.0 = Debug|Any CPU
		{3A1A3A49-0A8E-429E-A8D3-2197938A6A30}.Release|Any CPU.ActiveCfg = Release|Any CPU
		{3A1A3A49-0A8E-429E-A8D3-2197938A6A30}.Release|Any CPU.Build.0 = Release|Any CPU
		{3A1A3A49-0A8E-429E-A8D3-2197938A6A30}.Release|x64.ActiveCfg = Release|Any CPU
		{3A1A3A49-0A8E-429E-A8D3-2197938A6A30}.Release|x64.Build.0 = Release|Any CPU
		{7B9E3921-22FC-4032-B933-2EA44579DA1E}.Debug|Any CPU.ActiveCfg = Debug|Any CPU
		{7B9E3921-22FC-4032-B933-2EA44579DA1E}.Debug|Any CPU.Build.0 = Debug|Any CPU
		{7B9E3921-22FC-4032-B933-2EA44579DA1E}.Debug|x64.ActiveCfg = Debug|Any CPU
		{7B9E3921-22FC-4032-B933-2EA44579DA1E}.Debug|x64.Build.0 = Debug|Any CPU
		{7B9E3921-22FC-4032-B933-2EA44579DA1E}.Release|Any CPU.ActiveCfg = Release|Any CPU
		{7B9E3921-22FC-4032-B933-2EA44579DA1E}.Release|Any CPU.Build.0 = Release|Any CPU
		{7B9E3921-22FC-4032-B933-2EA44579DA1E}.Release|x64.ActiveCfg = Release|Any CPU
		{7B9E3921-22FC-4032-B933-2EA44579DA1E}.Release|x64.Build.0 = Release|Any CPU
		{7D96EE9D-33A3-4510-B178-D63ADFF989DD}.Debug|Any CPU.ActiveCfg = Debug|Any CPU
		{7D96EE9D-33A3-4510-B178-D63ADFF989DD}.Debug|Any CPU.Build.0 = Debug|Any CPU
		{7D96EE9D-33A3-4510-B178-D63ADFF989DD}.Debug|x64.ActiveCfg = Debug|Any CPU
		{7D96EE9D-33A3-4510-B178-D63ADFF989DD}.Debug|x64.Build.0 = Debug|Any CPU
		{7D96EE9D-33A3-4510-B178-D63ADFF989DD}.Release|Any CPU.ActiveCfg = Release|Any CPU
		{7D96EE9D-33A3-4510-B178-D63ADFF989DD}.Release|Any CPU.Build.0 = Release|Any CPU
		{7D96EE9D-33A3-4510-B178-D63ADFF989DD}.Release|x64.ActiveCfg = Release|Any CPU
		{7D96EE9D-33A3-4510-B178-D63ADFF989DD}.Release|x64.Build.0 = Release|Any CPU
		{37F26D90-2706-46B1-95C9-862D4657DA63}.Debug|Any CPU.ActiveCfg = Debug|Any CPU
		{37F26D90-2706-46B1-95C9-862D4657DA63}.Debug|Any CPU.Build.0 = Debug|Any CPU
		{37F26D90-2706-46B1-95C9-862D4657DA63}.Debug|x64.ActiveCfg = Debug|Any CPU
		{37F26D90-2706-46B1-95C9-862D4657DA63}.Debug|x64.Build.0 = Debug|Any CPU
		{37F26D90-2706-46B1-95C9-862D4657DA63}.Release|Any CPU.ActiveCfg = Release|Any CPU
		{37F26D90-2706-46B1-95C9-862D4657DA63}.Release|Any CPU.Build.0 = Release|Any CPU
		{37F26D90-2706-46B1-95C9-862D4657DA63}.Release|x64.ActiveCfg = Release|Any CPU
		{37F26D90-2706-46B1-95C9-862D4657DA63}.Release|x64.Build.0 = Release|Any CPU
	EndGlobalSection
	GlobalSection(SolutionProperties) = preSolution
		HideSolutionNode = FALSE
	EndGlobalSection
	GlobalSection(NestedProjects) = preSolution
		{B2D59B40-80B4-4B35-B21F-B4F8F305865B} = {33414C74-7920-4F78-8480-44BE2184D5E1}
		{62CA8106-68F4-4AA6-B2CF-49B2248AA4BC} = {33414C74-7920-4F78-8480-44BE2184D5E1}
		{5342EED7-3588-46F5-B2FC-F4FF30080A6A} = {33414C74-7920-4F78-8480-44BE2184D5E1}
		{4F6DBC42-74C2-467E-8485-85523DEE7338} = {33414C74-7920-4F78-8480-44BE2184D5E1}
		{EB21E38D-19D9-47F0-B599-0A2696F6C2DC} = {33414C74-7920-4F78-8480-44BE2184D5E1}
		{193FBAAB-085A-4C4B-8EB1-9CB6BA4849B1} = {33414C74-7920-4F78-8480-44BE2184D5E1}
		{D9DF342A-4515-4D11-B1CF-EBE768C16A01} = {33414C74-7920-4F78-8480-44BE2184D5E1}
		{631C4637-BB4D-4B8E-946F-A1D9CA14F2C0} = {33414C74-7920-4F78-8480-44BE2184D5E1}
		{B7E8E0A9-828D-416E-8756-A8CD5F910986} = {33414C74-7920-4F78-8480-44BE2184D5E1}
		{C43C7BA2-C848-48A2-898D-1C5907C8E7C9} = {33414C74-7920-4F78-8480-44BE2184D5E1}
		{F9E459E9-AD54-4166-869A-5A4C2E27855F} = {33414C74-7920-4F78-8480-44BE2184D5E1}
		{B6B866CD-0014-4763-B3E9-72F5EC4175D2} = {33414C74-7920-4F78-8480-44BE2184D5E1}
		{BD2474BB-5430-49C2-9B8F-32968451CB71} = {33414C74-7920-4F78-8480-44BE2184D5E1}
		{56BF00F1-BEBC-49A8-BB62-13C21B4E1184} = {33414C74-7920-4F78-8480-44BE2184D5E1}
		{6D791307-BF1C-48A9-9A2C-48E4577D5F76} = {BA9C8E90-5B9E-464C-B0CA-7988E2CA850B}
		{77834507-9F3D-45CA-B387-F44D67327C4E} = {33414C74-7920-4F78-8480-44BE2184D5E1}
		{3A1A3A49-0A8E-429E-A8D3-2197938A6A30} = {BA9C8E90-5B9E-464C-B0CA-7988E2CA850B}
		{7B9E3921-22FC-4032-B933-2EA44579DA1E} = {33414C74-7920-4F78-8480-44BE2184D5E1}
		{7D96EE9D-33A3-4510-B178-D63ADFF989DD} = {BA9C8E90-5B9E-464C-B0CA-7988E2CA850B}
		{37F26D90-2706-46B1-95C9-862D4657DA63} = {BA9C8E90-5B9E-464C-B0CA-7988E2CA850B}
	EndGlobalSection
	GlobalSection(ExtensibilityGlobals) = postSolution
		SolutionGuid = {22E81E03-33DB-418D-90D2-FD1B560FEF14}
	EndGlobalSection
EndGlobal
